
Microsoft Visual Studio Solution File, Format Version 12.00
# Visual Studio Version 17
VisualStudioVersion = 17.13.35825.156 d17.13
MinimumVisualStudioVersion = 10.0.40219.1
Project("{FAE04EC0-301F-11D3-BF4B-00C04F79EFBC}") = "Airline Reservation Console SystemCSharp", "Airline Reservation Console SystemCSharp.csproj", "{DC8D2F79-4054-439A-B703-D599E8C0843E}"
EndProject
Global
	GlobalSection(SolutionConfigurationPlatforms) = preSolution
		Debug|Any CPU = Debug|Any CPU
		Release|Any CPU = Release|Any CPU
	EndGlobalSection
	GlobalSection(ProjectConfigurationPlatforms) = postSolution
		{DC8D2F79-4054-439A-B703-D599E8C0843E}.Debug|Any CPU.ActiveCfg = Debug|Any CPU
		{DC8D2F79-4054-439A-B703-D599E8C0843E}.Debug|Any CPU.Build.0 = Debug|Any CPU
		{DC8D2F79-4054-439A-B703-D599E8C0843E}.Release|Any CPU.ActiveCfg = Release|Any CPU
		{DC8D2F79-4054-439A-B703-D599E8C0843E}.Release|Any CPU.Build.0 = Release|Any CPU
	EndGlobalSection
	GlobalSection(SolutionProperties) = preSolution
		HideSolutionNode = FALSE
	EndGlobalSection
	GlobalSection(ExtensibilityGlobals) = postSolution
		SolutionGuid = {61AF8BDB-F42D-4624-90CF-82BE93AF361E}
	EndGlobalSection
EndGlobal
